
Microsoft Visual Studio Solution File, Format Version 12.00
# Visual Studio 2012
Project("{FAE04EC0-301F-11D3-BF4B-00C04F79EFBC}") = "MaJyx Advanced Process", "MaJyx Advanced Proccess\MaJyx Advanced Process.csproj", "{CDE90166-3578-4D34-93FA-2F56B49E8F47}"
	ProjectSection(ProjectDependencies) = postProject
		{3AB2A080-D1B5-4300-98DB-CF66BB7DE3BD} = {3AB2A080-D1B5-4300-98DB-CF66BB7DE3BD}
	EndProjectSection
EndProject
Project("{FAE04EC0-301F-11D3-BF4B-00C04F79EFBC}") = "MaJyxMemoryDumper", "MaJyxMemoryDumper\MaJyxMemoryDumper.csproj", "{3AB2A080-D1B5-4300-98DB-CF66BB7DE3BD}"
EndProject
Global
	GlobalSection(SolutionConfigurationPlatforms) = preSolution
		Debug|Any CPU = Debug|Any CPU
		Release|Any CPU = Release|Any CPU
	EndGlobalSection
	GlobalSection(ProjectConfigurationPlatforms) = postSolution
		{CDE90166-3578-4D34-93FA-2F56B49E8F47}.Debug|Any CPU.ActiveCfg = Debug|Any CPU
		{CDE90166-3578-4D34-93FA-2F56B49E8F47}.Debug|Any CPU.Build.0 = Debug|Any CPU
		{CDE90166-3578-4D34-93FA-2F56B49E8F47}.Release|Any CPU.ActiveCfg = Release|Any CPU
		{CDE90166-3578-4D34-93FA-2F56B49E8F47}.Release|Any CPU.Build.0 = Release|Any CPU
		{3AB2A080-D1B5-4300-98DB-CF66BB7DE3BD}.Debug|Any CPU.ActiveCfg = Debug|Any CPU
		{3AB2A080-D1B5-4300-98DB-CF66BB7DE3BD}.Debug|Any CPU.Build.0 = Debug|Any CPU
		{3AB2A080-D1B5-4300-98DB-CF66BB7DE3BD}.Release|Any CPU.ActiveCfg = Release|Any CPU
		{3AB2A080-D1B5-4300-98DB-CF66BB7DE3BD}.Release|Any CPU.Build.0 = Release|Any CPU
	EndGlobalSection
	GlobalSection(SolutionProperties) = preSolution
		HideSolutionNode = FALSE
	EndGlobalSection
EndGlobal
